
Microsoft Visual Studio Solution File, Format Version 10.00
# Visual Studio 2008
Project("{FAE04EC0-301F-11D3-BF4B-00C04F79EFBC}") = "AccountManage", "AccountManage\AccountManage.csproj", "{6C957044-0C1A-4B0E-A476-43F05AC4FE1D}"
EndProject
Project("{FAE04EC0-301F-11D3-BF4B-00C04F79EFBC}") = "PwdGenDen", "PwdGenDen\PwdGenDen.csproj", "{17CAAD54-4BD8-4304-9D03-FD30AACA7B0B}"
EndProject
Project("{FAE04EC0-301F-11D3-BF4B-00C04F79EFBC}") = "WebConfigWizard", "WebConfigWizard\WebConfigWizard.csproj", "{FAA0DA3A-481D-4934-B53B-136818C6FA24}"
EndProject
Global
	GlobalSection(SolutionConfigurationPlatforms) = preSolution
		Debug|Any CPU = Debug|Any CPU
		Release|Any CPU = Release|Any CPU
	EndGlobalSection
	GlobalSection(ProjectConfigurationPlatforms) = postSolution
		{6C957044-0C1A-4B0E-A476-43F05AC4FE1D}.Debug|Any CPU.ActiveCfg = Debug|Any CPU
		{6C957044-0C1A-4B0E-A476-43F05AC4FE1D}.Debug|Any CPU.Build.0 = Debug|Any CPU
		{6C957044-0C1A-4B0E-A476-43F05AC4FE1D}.Release|Any CPU.ActiveCfg = Release|Any CPU
		{6C957044-0C1A-4B0E-A476-43F05AC4FE1D}.Release|Any CPU.Build.0 = Release|Any CPU
		{17CAAD54-4BD8-4304-9D03-FD30AACA7B0B}.Debug|Any CPU.ActiveCfg = Debug|Any CPU
		{17CAAD54-4BD8-4304-9D03-FD30AACA7B0B}.Debug|Any CPU.Build.0 = Debug|Any CPU
		{17CAAD54-4BD8-4304-9D03-FD30AACA7B0B}.Release|Any CPU.ActiveCfg = Release|Any CPU
		{17CAAD54-4BD8-4304-9D03-FD30AACA7B0B}.Release|Any CPU.Build.0 = Release|Any CPU
		{FAA0DA3A-481D-4934-B53B-136818C6FA24}.Debug|Any CPU.ActiveCfg = Debug|Any CPU
		{FAA0DA3A-481D-4934-B53B-136818C6FA24}.Debug|Any CPU.Build.0 = Debug|Any CPU
		{FAA0DA3A-481D-4934-B53B-136818C6FA24}.Release|Any CPU.ActiveCfg = Release|Any CPU
		{FAA0DA3A-481D-4934-B53B-136818C6FA24}.Release|Any CPU.Build.0 = Release|Any CPU
	EndGlobalSection
	GlobalSection(SolutionProperties) = preSolution
		HideSolutionNode = FALSE
	EndGlobalSection
EndGlobal
